
Microsoft Visual Studio Solution File, Format Version 12.00
# Visual Studio Version 16
VisualStudioVersion = 16.0.31019.35
MinimumVisualStudioVersion = 10.0.40219.1
Project("{8BC9CEB8-8B4A-11D0-8D11-00A0C91BC942}") = "pointer", "pointer\pointer.vcxproj", "{AC6C150C-CD07-4E14-B5C5-F6296AC1A7B0}"
EndProject
Project("{8BC9CEB8-8B4A-11D0-8D11-00A0C91BC942}") = "arrays", "arrays\arrays.vcxproj", "{6D760F5B-A5A6-452C-9590-C887D738A63C}"
EndProject
Project("{8BC9CEB8-8B4A-11D0-8D11-00A0C91BC942}") = "Strings", "Strings\Strings.vcxproj", "{E1FC7AD3-706C-48EB-BBE1-D91C6876850B}"
EndProject
Global
	GlobalSection(SolutionConfigurationPlatforms) = preSolution
		Debug|x64 = Debug|x64
		Debug|x86 = Debug|x86
		Release|x64 = Release|x64
		Release|x86 = Release|x86
	EndGlobalSection
	GlobalSection(ProjectConfigurationPlatforms) = postSolution
		{AC6C150C-CD07-4E14-B5C5-F6296AC1A7B0}.Debug|x64.ActiveCfg = Debug|x64
		{AC6C150C-CD07-4E14-B5C5-F6296AC1A7B0}.Debug|x64.Build.0 = Debug|x64
		{AC6C150C-CD07-4E14-B5C5-F6296AC1A7B0}.Debug|x86.ActiveCfg = Debug|Win32
		{AC6C150C-CD07-4E14-B5C5-F6296AC1A7B0}.Debug|x86.Build.0 = Debug|Win32
		{AC6C150C-CD07-4E14-B5C5-F6296AC1A7B0}.Release|x64.ActiveCfg = Release|x64
		{AC6C150C-CD07-4E14-B5C5-F6296AC1A7B0}.Release|x64.Build.0 = Release|x64
		{AC6C150C-CD07-4E14-B5C5-F6296AC1A7B0}.Release|x86.ActiveCfg = Release|Win32
		{AC6C150C-CD07-4E14-B5C5-F6296AC1A7B0}.Release|x86.Build.0 = Release|Win32
		{6D760F5B-A5A6-452C-9590-C887D738A63C}.Debug|x64.ActiveCfg = Debug|x64
		{6D760F5B-A5A6-452C-9590-C887D738A63C}.Debug|x64.Build.0 = Debug|x64
		{6D760F5B-A5A6-452C-9590-C887D738A63C}.Debug|x86.ActiveCfg = Debug|Win32
		{6D760F5B-A5A6-452C-9590-C887D738A63C}.Debug|x86.Build.0 = Debug|Win32
		{6D760F5B-A5A6-452C-9590-C887D738A63C}.Release|x64.ActiveCfg = Release|x64
		{6D760F5B-A5A6-452C-9590-C887D738A63C}.Release|x64.Build.0 = Release|x64
		{6D760F5B-A5A6-452C-9590-C887D738A63C}.Release|x86.ActiveCfg = Release|Win32
		{6D760F5B-A5A6-452C-9590-C887D738A63C}.Release|x86.Build.0 = Release|Win32
		{E1FC7AD3-706C-48EB-BBE1-D91C6876850B}.Debug|x64.ActiveCfg = Debug|x64
		{E1FC7AD3-706C-48EB-BBE1-D91C6876850B}.Debug|x64.Build.0 = Debug|x64
		{E1FC7AD3-706C-48EB-BBE1-D91C6876850B}.Debug|x86.ActiveCfg = Debug|Win32
		{E1FC7AD3-706C-48EB-BBE1-D91C6876850B}.Debug|x86.Build.0 = Debug|Win32
		{E1FC7AD3-706C-48EB-BBE1-D91C6876850B}.Release|x64.ActiveCfg = Release|x64
		{E1FC7AD3-706C-48EB-BBE1-D91C6876850B}.Release|x64.Build.0 = Release|x64
		{E1FC7AD3-706C-48EB-BBE1-D91C6876850B}.Release|x86.ActiveCfg = Release|Win32
		{E1FC7AD3-706C-48EB-BBE1-D91C6876850B}.Release|x86.Build.0 = Release|Win32
	EndGlobalSection
	GlobalSection(SolutionProperties) = preSolution
		HideSolutionNode = FALSE
	EndGlobalSection
	GlobalSection(ExtensibilityGlobals) = postSolution
		SolutionGuid = {FF4B3861-93F4-496A-A765-09B46E62ECFA}
	EndGlobalSection
EndGlobal
